// !$*UTF8*$!
{
	archiveVersion = 1;
	classes = {
	};
	objectVersion = 50;
	objects = {

/* Begin PBXBuildFile section */
		7598AD862679EE4F00865762 /* main.cpp in Sources */ = {isa = PBXBuildFile; fileRef = 7598AD852679EE4F00865762 /* main.cpp */; };
		7598AD912679F2F400865762 /* main.cpp in Sources */ = {isa = PBXBuildFile; fileRef = 7598AD902679F2F400865762 /* main.cpp */; };
		7598AD9C267A000E00865762 /* main.cpp in Sources */ = {isa = PBXBuildFile; fileRef = 7598AD9B267A000E00865762 /* main.cpp */; };
		7598ADAE267C98A500865762 /* main.cpp in Sources */ = {isa = PBXBuildFile; fileRef = 7598ADAD267C98A500865762 /* main.cpp */; };
		75BFB08726778654008C2CA2 /* main.cpp in Sources */ = {isa = PBXBuildFile; fileRef = 75BFB08626778654008C2CA2 /* main.cpp */; };
		75BFB15C2677895B008C2CA2 /* main.cpp in Sources */ = {isa = PBXBuildFile; fileRef = 75BFB15B2677895B008C2CA2 /* main.cpp */; };
		75BFB1A42678E696008C2CA2 /* main.cpp in Sources */ = {isa = PBXBuildFile; fileRef = 75BFB1A32678E696008C2CA2 /* main.cpp */; };
		75BFB1C6267900C8008C2CA2 /* main.cpp in Sources */ = {isa = PBXBuildFile; fileRef = 75BFB1C5267900C8008C2CA2 /* main.cpp */; };
/* End PBXBuildFile section */

/* Begin PBXCopyFilesBuildPhase section */
		7598AD812679EE4F00865762 /* CopyFiles */ = {
			isa = PBXCopyFilesBuildPhase;
			buildActionMask = 2147483647;
			dstPath = /usr/share/man/man1/;
			dstSubfolderSpec = 0;
			files = (
			);
			runOnlyForDeploymentPostprocessing = 1;
		};
		7598AD8C2679F2F400865762 /* CopyFiles */ = {
			isa = PBXCopyFilesBuildPhase;
			buildActionMask = 2147483647;
			dstPath = /usr/share/man/man1/;
			dstSubfolderSpec = 0;
			files = (
			);
			runOnlyForDeploymentPostprocessing = 1;
		};
		7598AD97267A000E00865762 /* CopyFiles */ = {
			isa = PBXCopyFilesBuildPhase;
			buildActionMask = 2147483647;
			dstPath = /usr/share/man/man1/;
			dstSubfolderSpec = 0;
			files = (
			);
			runOnlyForDeploymentPostprocessing = 1;
		};
		7598ADA9267C98A500865762 /* CopyFiles */ = {
			isa = PBXCopyFilesBuildPhase;
			buildActionMask = 2147483647;
			dstPath = /usr/share/man/man1/;
			dstSubfolderSpec = 0;
			files = (
			);
			runOnlyForDeploymentPostprocessing = 1;
		};
		75BFB08126778654008C2CA2 /* CopyFiles */ = {
			isa = PBXCopyFilesBuildPhase;
			buildActionMask = 2147483647;
			dstPath = /usr/share/man/man1/;
			dstSubfolderSpec = 0;
			files = (
			);
			runOnlyForDeploymentPostprocessing = 1;
		};
		75BFB1572677895B008C2CA2 /* CopyFiles */ = {
			isa = PBXCopyFilesBuildPhase;
			buildActionMask = 2147483647;
			dstPath = /usr/share/man/man1/;
			dstSubfolderSpec = 0;
			files = (
			);
			runOnlyForDeploymentPostprocessing = 1;
		};
		75BFB19F2678E696008C2CA2 /* CopyFiles */ = {
			isa = PBXCopyFilesBuildPhase;
			buildActionMask = 2147483647;
			dstPath = /usr/share/man/man1/;
			dstSubfolderSpec = 0;
			files = (
			);
			runOnlyForDeploymentPostprocessing = 1;
		};
		75BFB1C1267900C8008C2CA2 /* CopyFiles */ = {
			isa = PBXCopyFilesBuildPhase;
			buildActionMask = 2147483647;
			dstPath = /usr/share/man/man1/;
			dstSubfolderSpec = 0;
			files = (
			);
			runOnlyForDeploymentPostprocessing = 1;
		};
/* End PBXCopyFilesBuildPhase section */

/* Begin PBXFileReference section */
		7598AD632679017500865762 /* stack_vector.h */ = {isa = PBXFileReference; fileEncoding = 4; lastKnownFileType = sourcecode.c.h; path = stack_vector.h; sourceTree = "<group>"; };
		7598AD792679017500865762 /* my_assert.h */ = {isa = PBXFileReference; fileEncoding = 4; lastKnownFileType = sourcecode.c.h; path = my_assert.h; sourceTree = "<group>"; };
		7598AD832679EE4F00865762 /* split_into_stringview */ = {isa = PBXFileReference; explicitFileType = "compiled.mach-o.executable"; includeInIndex = 0; path = split_into_stringview; sourceTree = BUILT_PRODUCTS_DIR; };
		7598AD852679EE4F00865762 /* main.cpp */ = {isa = PBXFileReference; lastKnownFileType = sourcecode.cpp.cpp; path = main.cpp; sourceTree = "<group>"; };
		7598AD8E2679F2F400865762 /* Translator */ = {isa = PBXFileReference; explicitFileType = "compiled.mach-o.executable"; includeInIndex = 0; path = Translator; sourceTree = BUILT_PRODUCTS_DIR; };
		7598AD902679F2F400865762 /* main.cpp */ = {isa = PBXFileReference; lastKnownFileType = sourcecode.cpp.cpp; path = main.cpp; sourceTree = "<group>"; };
		7598AD99267A000E00865762 /* SimpleVector */ = {isa = PBXFileReference; explicitFileType = "compiled.mach-o.executable"; includeInIndex = 0; path = SimpleVector; sourceTree = BUILT_PRODUCTS_DIR; };
		7598AD9B267A000E00865762 /* main.cpp */ = {isa = PBXFileReference; lastKnownFileType = sourcecode.cpp.cpp; path = main.cpp; sourceTree = "<group>"; };
		7598ADA0267A003800865762 /* simple_vector.h */ = {isa = PBXFileReference; fileEncoding = 4; lastKnownFileType = sourcecode.c.h; path = simple_vector.h; sourceTree = "<group>"; };
		7598ADA1267A003800865762 /* tests.h */ = {isa = PBXFileReference; fileEncoding = 4; lastKnownFileType = sourcecode.c.h; path = tests.h; sourceTree = "<group>"; };
		7598ADA2267A004000865762 /* array_ptr.h */ = {isa = PBXFileReference; fileEncoding = 4; lastKnownFileType = sourcecode.c.h; path = array_ptr.h; sourceTree = "<group>"; };
		7598ADAB267C98A500865762 /* JosephusPermutation */ = {isa = PBXFileReference; explicitFileType = "compiled.mach-o.executable"; includeInIndex = 0; path = JosephusPermutation; sourceTree = BUILT_PRODUCTS_DIR; };
		7598ADAD267C98A500865762 /* main.cpp */ = {isa = PBXFileReference; lastKnownFileType = sourcecode.cpp.cpp; path = main.cpp; sourceTree = "<group>"; };
		75BFB08326778654008C2CA2 /* praktikum_exercises */ = {isa = PBXFileReference; explicitFileType = "compiled.mach-o.executable"; includeInIndex = 0; path = praktikum_exercises; sourceTree = BUILT_PRODUCTS_DIR; };
		75BFB08626778654008C2CA2 /* main.cpp */ = {isa = PBXFileReference; lastKnownFileType = sourcecode.cpp.cpp; path = main.cpp; sourceTree = "<group>"; };
		75BFB08E2677866E008C2CA2 /* main.cpp */ = {isa = PBXFileReference; lastKnownFileType = sourcecode.cpp.cpp; path = main.cpp; sourceTree = "<group>"; };
		75BFB0902677866F008C2CA2 /* main.cpp */ = {isa = PBXFileReference; lastKnownFileType = sourcecode.cpp.cpp; path = main.cpp; sourceTree = "<group>"; };
		75BFB0922677866F008C2CA2 /* scoped_pointer.h */ = {isa = PBXFileReference; lastKnownFileType = sourcecode.c.h; path = scoped_pointer.h; sourceTree = "<group>"; };
		75BFB0932677866F008C2CA2 /* main.cpp */ = {isa = PBXFileReference; lastKnownFileType = sourcecode.cpp.cpp; path = main.cpp; sourceTree = "<group>"; };
		75BFB0952677866F008C2CA2 /* ptr_vector.h */ = {isa = PBXFileReference; lastKnownFileType = sourcecode.c.h; path = ptr_vector.h; sourceTree = "<group>"; };
		75BFB0962677866F008C2CA2 /* main.cpp */ = {isa = PBXFileReference; lastKnownFileType = sourcecode.cpp.cpp; path = main.cpp; sourceTree = "<group>"; };
		75BFB0982677866F008C2CA2 /* main.cpp */ = {isa = PBXFileReference; lastKnownFileType = sourcecode.cpp.cpp; path = main.cpp; sourceTree = "<group>"; };
		75BFB09A2677866F008C2CA2 /* main.cpp */ = {isa = PBXFileReference; lastKnownFileType = sourcecode.cpp.cpp; path = main.cpp; sourceTree = "<group>"; };
		75BFB09C2677866F008C2CA2 /* main.cpp */ = {isa = PBXFileReference; lastKnownFileType = sourcecode.cpp.cpp; path = main.cpp; sourceTree = "<group>"; };
		75BFB09E2677866F008C2CA2 /* main.cpp */ = {isa = PBXFileReference; lastKnownFileType = sourcecode.cpp.cpp; path = main.cpp; sourceTree = "<group>"; };
		75BFB12E26778679008C2CA2 /* main.cpp */ = {isa = PBXFileReference; lastKnownFileType = sourcecode.cpp.cpp; path = main.cpp; sourceTree = "<group>"; };
		75BFB13026778679008C2CA2 /* main.cpp */ = {isa = PBXFileReference; lastKnownFileType = sourcecode.cpp.cpp; path = main.cpp; sourceTree = "<group>"; };
		75BFB13226778679008C2CA2 /* main.cpp */ = {isa = PBXFileReference; lastKnownFileType = sourcecode.cpp.cpp; path = main.cpp; sourceTree = "<group>"; };
		75BFB13426778688008C2CA2 /* main.cpp */ = {isa = PBXFileReference; lastKnownFileType = sourcecode.cpp.cpp; path = main.cpp; sourceTree = "<group>"; };
		75BFB13626778688008C2CA2 /* main.cpp */ = {isa = PBXFileReference; lastKnownFileType = sourcecode.cpp.cpp; path = main.cpp; sourceTree = "<group>"; };
		75BFB13826778688008C2CA2 /* main.cpp */ = {isa = PBXFileReference; lastKnownFileType = sourcecode.cpp.cpp; path = main.cpp; sourceTree = "<group>"; };
		75BFB1592677895B008C2CA2 /* SanitizerTest */ = {isa = PBXFileReference; explicitFileType = "compiled.mach-o.executable"; includeInIndex = 0; path = SanitizerTest; sourceTree = BUILT_PRODUCTS_DIR; };
		75BFB15B2677895B008C2CA2 /* main.cpp */ = {isa = PBXFileReference; lastKnownFileType = sourcecode.cpp.cpp; path = main.cpp; sourceTree = "<group>"; };
		75BFB17926788E92008C2CA2 /* list.h */ = {isa = PBXFileReference; lastKnownFileType = sourcecode.c.h; path = list.h; sourceTree = "<group>"; };
		75BFB1A12678E696008C2CA2 /* TextEditor */ = {isa = PBXFileReference; explicitFileType = "compiled.mach-o.executable"; includeInIndex = 0; path = TextEditor; sourceTree = BUILT_PRODUCTS_DIR; };
		75BFB1A32678E696008C2CA2 /* main.cpp */ = {isa = PBXFileReference; lastKnownFileType = sourcecode.cpp.cpp; path = main.cpp; sourceTree = "<group>"; };
		75BFB1BD2678F8B9008C2CA2 /* test_runner.h */ = {isa = PBXFileReference; fileEncoding = 4; lastKnownFileType = sourcecode.c.h; path = test_runner.h; sourceTree = "<group>"; };
		75BFB1BE2678FD9A008C2CA2 /* log_duration.h */ = {isa = PBXFileReference; lastKnownFileType = sourcecode.c.h; path = log_duration.h; sourceTree = "<group>"; };
		75BFB1C3267900C8008C2CA2 /* StackVector */ = {isa = PBXFileReference; explicitFileType = "compiled.mach-o.executable"; includeInIndex = 0; path = StackVector; sourceTree = BUILT_PRODUCTS_DIR; };
		75BFB1C5267900C8008C2CA2 /* main.cpp */ = {isa = PBXFileReference; lastKnownFileType = sourcecode.cpp.cpp; path = main.cpp; sourceTree = "<group>"; };
/* End PBXFileReference section */

/* Begin PBXFrameworksBuildPhase section */
		7598AD802679EE4F00865762 /* Frameworks */ = {
			isa = PBXFrameworksBuildPhase;
			buildActionMask = 2147483647;
			files = (
			);
			runOnlyForDeploymentPostprocessing = 0;
		};
		7598AD8B2679F2F400865762 /* Frameworks */ = {
			isa = PBXFrameworksBuildPhase;
			buildActionMask = 2147483647;
			files = (
			);
			runOnlyForDeploymentPostprocessing = 0;
		};
		7598AD96267A000E00865762 /* Frameworks */ = {
			isa = PBXFrameworksBuildPhase;
			buildActionMask = 2147483647;
			files = (
			);
			runOnlyForDeploymentPostprocessing = 0;
		};
		7598ADA8267C98A500865762 /* Frameworks */ = {
			isa = PBXFrameworksBuildPhase;
			buildActionMask = 2147483647;
			files = (
			);
			runOnlyForDeploymentPostprocessing = 0;
		};
		75BFB08026778654008C2CA2 /* Frameworks */ = {
			isa = PBXFrameworksBuildPhase;
			buildActionMask = 2147483647;
			files = (
			);
			runOnlyForDeploymentPostprocessing = 0;
		};
		75BFB1562677895B008C2CA2 /* Frameworks */ = {
			isa = PBXFrameworksBuildPhase;
			buildActionMask = 2147483647;
			files = (
			);
			runOnlyForDeploymentPostprocessing = 0;
		};
		75BFB19E2678E696008C2CA2 /* Frameworks */ = {
			isa = PBXFrameworksBuildPhase;
			buildActionMask = 2147483647;
			files = (
			);
			runOnlyForDeploymentPostprocessing = 0;
		};
		75BFB1C0267900C8008C2CA2 /* Frameworks */ = {
			isa = PBXFrameworksBuildPhase;
			buildActionMask = 2147483647;
			files = (
			);
			runOnlyForDeploymentPostprocessing = 0;
		};
/* End PBXFrameworksBuildPhase section */

/* Begin PBXGroup section */
		7598AD842679EE4F00865762 /* split_into_stringview */ = {
			isa = PBXGroup;
			children = (
				7598AD852679EE4F00865762 /* main.cpp */,
			);
			path = split_into_stringview;
			sourceTree = "<group>";
		};
		7598AD8F2679F2F400865762 /* Translator */ = {
			isa = PBXGroup;
			children = (
				7598AD902679F2F400865762 /* main.cpp */,
			);
			path = Translator;
			sourceTree = "<group>";
		};
		7598AD9A267A000E00865762 /* SimpleVector */ = {
			isa = PBXGroup;
			children = (
				7598ADA2267A004000865762 /* array_ptr.h */,
				7598ADA0267A003800865762 /* simple_vector.h */,
				7598ADA1267A003800865762 /* tests.h */,
				7598AD9B267A000E00865762 /* main.cpp */,
			);
			path = SimpleVector;
			sourceTree = "<group>";
		};
		7598ADAC267C98A500865762 /* JosephusPermutation */ = {
			isa = PBXGroup;
			children = (
				7598ADAD267C98A500865762 /* main.cpp */,
			);
			path = JosephusPermutation;
			sourceTree = "<group>";
		};
		75BFB07A26778654008C2CA2 = {
			isa = PBXGroup;
			children = (
				75BFB1BE2678FD9A008C2CA2 /* log_duration.h */,
				75BFB1BD2678F8B9008C2CA2 /* test_runner.h */,
				75BFB13526778688008C2CA2 /* Stack */,
				75BFB13326778688008C2CA2 /* Synonyms */,
				75BFB13726778688008C2CA2 /* TicketOffice */,
				75BFB12D26778679008C2CA2 /* BusStops */,
				75BFB09B2677866F008C2CA2 /* HanoiTower */,
				75BFB12F26778679008C2CA2 /* MergeSort */,
				75BFB08F2677866F008C2CA2 /* OctoCloneAttack */,
				75BFB09D2677866F008C2CA2 /* Playground */,
				75BFB0992677866F008C2CA2 /* PrintRange */,
				75BFB0942677866F008C2CA2 /* PtrVector */,
				75BFB13126778679008C2CA2 /* Rational */,
				75BFB08D2677866E008C2CA2 /* scoped_array_pointer */,
				75BFB0912677866F008C2CA2 /* ScopedPointer */,
				75BFB0972677866F008C2CA2 /* SortedCats */,
				75BFB08526778654008C2CA2 /* praktikum_exercises */,
				75BFB15A2677895B008C2CA2 /* SanitizerTest */,
				75BFB1A22678E696008C2CA2 /* TextEditor */,
				75BFB1C4267900C8008C2CA2 /* StackVector */,
				7598AD842679EE4F00865762 /* split_into_stringview */,
				7598AD8F2679F2F400865762 /* Translator */,
				7598AD9A267A000E00865762 /* SimpleVector */,
				7598ADAC267C98A500865762 /* JosephusPermutation */,
				75BFB08426778654008C2CA2 /* Products */,
			);
			sourceTree = "<group>";
		};
		75BFB08426778654008C2CA2 /* Products */ = {
			isa = PBXGroup;
			children = (
				75BFB08326778654008C2CA2 /* praktikum_exercises */,
				75BFB1592677895B008C2CA2 /* SanitizerTest */,
				75BFB1A12678E696008C2CA2 /* TextEditor */,
				75BFB1C3267900C8008C2CA2 /* StackVector */,
				7598AD832679EE4F00865762 /* split_into_stringview */,
				7598AD8E2679F2F400865762 /* Translator */,
				7598AD99267A000E00865762 /* SimpleVector */,
				7598ADAB267C98A500865762 /* JosephusPermutation */,
			);
			name = Products;
			sourceTree = "<group>";
		};
		75BFB08526778654008C2CA2 /* praktikum_exercises */ = {
			isa = PBXGroup;
			children = (
				75BFB08626778654008C2CA2 /* main.cpp */,
			);
			path = praktikum_exercises;
			sourceTree = "<group>";
		};
		75BFB08D2677866E008C2CA2 /* scoped_array_pointer */ = {
			isa = PBXGroup;
			children = (
				75BFB08E2677866E008C2CA2 /* main.cpp */,
			);
			path = scoped_array_pointer;
			sourceTree = "<group>";
		};
		75BFB08F2677866F008C2CA2 /* OctoCloneAttack */ = {
			isa = PBXGroup;
			children = (
				75BFB0902677866F008C2CA2 /* main.cpp */,
			);
			path = OctoCloneAttack;
			sourceTree = "<group>";
		};
		75BFB0912677866F008C2CA2 /* ScopedPointer */ = {
			isa = PBXGroup;
			children = (
				75BFB0922677866F008C2CA2 /* scoped_pointer.h */,
				75BFB0932677866F008C2CA2 /* main.cpp */,
			);
			path = ScopedPointer;
			sourceTree = "<group>";
		};
		75BFB0942677866F008C2CA2 /* PtrVector */ = {
			isa = PBXGroup;
			children = (
				75BFB0952677866F008C2CA2 /* ptr_vector.h */,
				75BFB0962677866F008C2CA2 /* main.cpp */,
			);
			path = PtrVector;
			sourceTree = "<group>";
		};
		75BFB0972677866F008C2CA2 /* SortedCats */ = {
			isa = PBXGroup;
			children = (
				75BFB0982677866F008C2CA2 /* main.cpp */,
			);
			path = SortedCats;
			sourceTree = "<group>";
		};
		75BFB0992677866F008C2CA2 /* PrintRange */ = {
			isa = PBXGroup;
			children = (
				75BFB09A2677866F008C2CA2 /* main.cpp */,
			);
			path = PrintRange;
			sourceTree = "<group>";
		};
		75BFB09B2677866F008C2CA2 /* HanoiTower */ = {
			isa = PBXGroup;
			children = (
				75BFB09C2677866F008C2CA2 /* main.cpp */,
			);
			path = HanoiTower;
			sourceTree = "<group>";
		};
		75BFB09D2677866F008C2CA2 /* Playground */ = {
			isa = PBXGroup;
			children = (
				75BFB09E2677866F008C2CA2 /* main.cpp */,
			);
			path = Playground;
			sourceTree = "<group>";
		};
		75BFB12D26778679008C2CA2 /* BusStops */ = {
			isa = PBXGroup;
			children = (
				75BFB12E26778679008C2CA2 /* main.cpp */,
			);
			path = BusStops;
			sourceTree = "<group>";
		};
		75BFB12F26778679008C2CA2 /* MergeSort */ = {
			isa = PBXGroup;
			children = (
				75BFB13026778679008C2CA2 /* main.cpp */,
			);
			path = MergeSort;
			sourceTree = "<group>";
		};
		75BFB13126778679008C2CA2 /* Rational */ = {
			isa = PBXGroup;
			children = (
				75BFB13226778679008C2CA2 /* main.cpp */,
			);
			path = Rational;
			sourceTree = "<group>";
		};
		75BFB13326778688008C2CA2 /* Synonyms */ = {
			isa = PBXGroup;
			children = (
				75BFB13426778688008C2CA2 /* main.cpp */,
			);
			path = Synonyms;
			sourceTree = "<group>";
		};
		75BFB13526778688008C2CA2 /* Stack */ = {
			isa = PBXGroup;
			children = (
				75BFB13626778688008C2CA2 /* main.cpp */,
			);
			path = Stack;
			sourceTree = "<group>";
		};
		75BFB13726778688008C2CA2 /* TicketOffice */ = {
			isa = PBXGroup;
			children = (
				75BFB13826778688008C2CA2 /* main.cpp */,
			);
			path = TicketOffice;
			sourceTree = "<group>";
		};
		75BFB15A2677895B008C2CA2 /* SanitizerTest */ = {
			isa = PBXGroup;
			children = (
				75BFB15B2677895B008C2CA2 /* main.cpp */,
				75BFB17926788E92008C2CA2 /* list.h */,
			);
			path = SanitizerTest;
			sourceTree = "<group>";
		};
		75BFB1A22678E696008C2CA2 /* TextEditor */ = {
			isa = PBXGroup;
			children = (
				75BFB1A32678E696008C2CA2 /* main.cpp */,
			);
			path = TextEditor;
			sourceTree = "<group>";
		};
		75BFB1C4267900C8008C2CA2 /* StackVector */ = {
			isa = PBXGroup;
			children = (
				75BFB1C5267900C8008C2CA2 /* main.cpp */,
				7598AD792679017500865762 /* my_assert.h */,
				7598AD632679017500865762 /* stack_vector.h */,
			);
			path = StackVector;
			sourceTree = "<group>";
		};
/* End PBXGroup section */

/* Begin PBXNativeTarget section */
		7598AD822679EE4F00865762 /* split_into_stringview */ = {
			isa = PBXNativeTarget;
			buildConfigurationList = 7598AD892679EE4F00865762 /* Build configuration list for PBXNativeTarget "split_into_stringview" */;
			buildPhases = (
				7598AD7F2679EE4F00865762 /* Sources */,
				7598AD802679EE4F00865762 /* Frameworks */,
				7598AD812679EE4F00865762 /* CopyFiles */,
			);
			buildRules = (
			);
			dependencies = (
			);
			name = split_into_stringview;
			productName = split_into_stringview;
			productReference = 7598AD832679EE4F00865762 /* split_into_stringview */;
			productType = "com.apple.product-type.tool";
		};
		7598AD8D2679F2F400865762 /* Translator */ = {
			isa = PBXNativeTarget;
			buildConfigurationList = 7598AD922679F2F400865762 /* Build configuration list for PBXNativeTarget "Translator" */;
			buildPhases = (
				7598AD8A2679F2F400865762 /* Sources */,
				7598AD8B2679F2F400865762 /* Frameworks */,
				7598AD8C2679F2F400865762 /* CopyFiles */,
			);
			buildRules = (
			);
			dependencies = (
			);
			name = Translator;
			productName = Translator;
			productReference = 7598AD8E2679F2F400865762 /* Translator */;
			productType = "com.apple.product-type.tool";
		};
		7598AD98267A000E00865762 /* SimpleVector */ = {
			isa = PBXNativeTarget;
			buildConfigurationList = 7598AD9D267A000E00865762 /* Build configuration list for PBXNativeTarget "SimpleVector" */;
			buildPhases = (
				7598AD95267A000E00865762 /* Sources */,
				7598AD96267A000E00865762 /* Frameworks */,
				7598AD97267A000E00865762 /* CopyFiles */,
			);
			buildRules = (
			);
			dependencies = (
			);
			name = SimpleVector;
			productName = SimpleVector;
			productReference = 7598AD99267A000E00865762 /* SimpleVector */;
			productType = "com.apple.product-type.tool";
		};
		7598ADAA267C98A500865762 /* JosephusPermutation */ = {
			isa = PBXNativeTarget;
			buildConfigurationList = 7598ADAF267C98A500865762 /* Build configuration list for PBXNativeTarget "JosephusPermutation" */;
			buildPhases = (
				7598ADA7267C98A500865762 /* Sources */,
				7598ADA8267C98A500865762 /* Frameworks */,
				7598ADA9267C98A500865762 /* CopyFiles */,
			);
			buildRules = (
			);
			dependencies = (
			);
			name = JosephusPermutation;
			productName = JosephusPermutation;
			productReference = 7598ADAB267C98A500865762 /* JosephusPermutation */;
			productType = "com.apple.product-type.tool";
		};
		75BFB08226778654008C2CA2 /* praktikum_exercises */ = {
			isa = PBXNativeTarget;
			buildConfigurationList = 75BFB08A26778654008C2CA2 /* Build configuration list for PBXNativeTarget "praktikum_exercises" */;
			buildPhases = (
				75BFB07F26778654008C2CA2 /* Sources */,
				75BFB08026778654008C2CA2 /* Frameworks */,
				75BFB08126778654008C2CA2 /* CopyFiles */,
			);
			buildRules = (
			);
			dependencies = (
			);
			name = praktikum_exercises;
			productName = praktikum_exercises;
			productReference = 75BFB08326778654008C2CA2 /* praktikum_exercises */;
			productType = "com.apple.product-type.tool";
		};
		75BFB1582677895B008C2CA2 /* SanitizerTest */ = {
			isa = PBXNativeTarget;
			buildConfigurationList = 75BFB1742677895B008C2CA2 /* Build configuration list for PBXNativeTarget "SanitizerTest" */;
			buildPhases = (
				75BFB1552677895B008C2CA2 /* Sources */,
				75BFB1562677895B008C2CA2 /* Frameworks */,
				75BFB1572677895B008C2CA2 /* CopyFiles */,
			);
			buildRules = (
			);
			dependencies = (
			);
			name = SanitizerTest;
			productName = SanitizerTest;
			productReference = 75BFB1592677895B008C2CA2 /* SanitizerTest */;
			productType = "com.apple.product-type.tool";
		};
		75BFB1A02678E696008C2CA2 /* TextEditor */ = {
			isa = PBXNativeTarget;
			buildConfigurationList = 75BFB1BC2678E696008C2CA2 /* Build configuration list for PBXNativeTarget "TextEditor" */;
			buildPhases = (
				75BFB19D2678E696008C2CA2 /* Sources */,
				75BFB19E2678E696008C2CA2 /* Frameworks */,
				75BFB19F2678E696008C2CA2 /* CopyFiles */,
			);
			buildRules = (
			);
			dependencies = (
			);
			name = TextEditor;
			productName = TextEditor;
			productReference = 75BFB1A12678E696008C2CA2 /* TextEditor */;
			productType = "com.apple.product-type.tool";
		};
		75BFB1C2267900C8008C2CA2 /* StackVector */ = {
			isa = PBXNativeTarget;
			buildConfigurationList = 75BFB1C7267900C8008C2CA2 /* Build configuration list for PBXNativeTarget "StackVector" */;
			buildPhases = (
				75BFB1BF267900C8008C2CA2 /* Sources */,
				75BFB1C0267900C8008C2CA2 /* Frameworks */,
				75BFB1C1267900C8008C2CA2 /* CopyFiles */,
			);
			buildRules = (
			);
			dependencies = (
			);
			name = StackVector;
			productName = StackVector;
			productReference = 75BFB1C3267900C8008C2CA2 /* StackVector */;
			productType = "com.apple.product-type.tool";
		};
/* End PBXNativeTarget section */

/* Begin PBXProject section */
		75BFB07B26778654008C2CA2 /* Project object */ = {
			isa = PBXProject;
			attributes = {
				LastUpgradeCheck = 1250;
				TargetAttributes = {
					7598AD822679EE4F00865762 = {
						CreatedOnToolsVersion = 12.5;
					};
					7598AD8D2679F2F400865762 = {
						CreatedOnToolsVersion = 12.5;
					};
					7598AD98267A000E00865762 = {
						CreatedOnToolsVersion = 12.5;
					};
					7598ADAA267C98A500865762 = {
						CreatedOnToolsVersion = 12.5;
					};
					75BFB08226778654008C2CA2 = {
						CreatedOnToolsVersion = 12.5;
					};
					75BFB1582677895B008C2CA2 = {
						CreatedOnToolsVersion = 12.5;
					};
					75BFB1A02678E696008C2CA2 = {
						CreatedOnToolsVersion = 12.5;
					};
					75BFB1C2267900C8008C2CA2 = {
						CreatedOnToolsVersion = 12.5;
					};
				};
			};
			buildConfigurationList = 75BFB07E26778654008C2CA2 /* Build configuration list for PBXProject "praktikum_exercises" */;
			compatibilityVersion = "Xcode 9.3";
			developmentRegion = en;
			hasScannedForEncodings = 0;
			knownRegions = (
				en,
				Base,
			);
			mainGroup = 75BFB07A26778654008C2CA2;
			productRefGroup = 75BFB08426778654008C2CA2 /* Products */;
			projectDirPath = "";
			projectRoot = "";
			targets = (
				75BFB08226778654008C2CA2 /* praktikum_exercises */,
				75BFB1582677895B008C2CA2 /* SanitizerTest */,
				75BFB1A02678E696008C2CA2 /* TextEditor */,
				75BFB1C2267900C8008C2CA2 /* StackVector */,
				7598AD822679EE4F00865762 /* split_into_stringview */,
				7598AD8D2679F2F400865762 /* Translator */,
				7598AD98267A000E00865762 /* SimpleVector */,
				7598ADAA267C98A500865762 /* JosephusPermutation */,
			);
		};
/* End PBXProject section */

/* Begin PBXSourcesBuildPhase section */
		7598AD7F2679EE4F00865762 /* Sources */ = {
			isa = PBXSourcesBuildPhase;
			buildActionMask = 2147483647;
			files = (
				7598AD862679EE4F00865762 /* main.cpp in Sources */,
			);
			runOnlyForDeploymentPostprocessing = 0;
		};
		7598AD8A2679F2F400865762 /* Sources */ = {
			isa = PBXSourcesBuildPhase;
			buildActionMask = 2147483647;
			files = (
				7598AD912679F2F400865762 /* main.cpp in Sources */,
			);
			runOnlyForDeploymentPostprocessing = 0;
		};
		7598AD95267A000E00865762 /* Sources */ = {
			isa = PBXSourcesBuildPhase;
			buildActionMask = 2147483647;
			files = (
				7598AD9C267A000E00865762 /* main.cpp in Sources */,
			);
			runOnlyForDeploymentPostprocessing = 0;
		};
		7598ADA7267C98A500865762 /* Sources */ = {
			isa = PBXSourcesBuildPhase;
			buildActionMask = 2147483647;
			files = (
				7598ADAE267C98A500865762 /* main.cpp in Sources */,
			);
			runOnlyForDeploymentPostprocessing = 0;
		};
		75BFB07F26778654008C2CA2 /* Sources */ = {
			isa = PBXSourcesBuildPhase;
			buildActionMask = 2147483647;
			files = (
				75BFB08726778654008C2CA2 /* main.cpp in Sources */,
			);
			runOnlyForDeploymentPostprocessing = 0;
		};
		75BFB1552677895B008C2CA2 /* Sources */ = {
			isa = PBXSourcesBuildPhase;
			buildActionMask = 2147483647;
			files = (
				75BFB15C2677895B008C2CA2 /* main.cpp in Sources */,
			);
			runOnlyForDeploymentPostprocessing = 0;
		};
		75BFB19D2678E696008C2CA2 /* Sources */ = {
			isa = PBXSourcesBuildPhase;
			buildActionMask = 2147483647;
			files = (
				75BFB1A42678E696008C2CA2 /* main.cpp in Sources */,
			);
			runOnlyForDeploymentPostprocessing = 0;
		};
		75BFB1BF267900C8008C2CA2 /* Sources */ = {
			isa = PBXSourcesBuildPhase;
			buildActionMask = 2147483647;
			files = (
				75BFB1C6267900C8008C2CA2 /* main.cpp in Sources */,
			);
			runOnlyForDeploymentPostprocessing = 0;
		};
/* End PBXSourcesBuildPhase section */

/* Begin XCBuildConfiguration section */
		7598AD872679EE4F00865762 /* Debug */ = {
			isa = XCBuildConfiguration;
			buildSettings = {
				CODE_SIGN_STYLE = Automatic;
				PRODUCT_NAME = "$(TARGET_NAME)";
			};
			name = Debug;
		};
		7598AD882679EE4F00865762 /* Release */ = {
			isa = XCBuildConfiguration;
			buildSettings = {
				CODE_SIGN_STYLE = Automatic;
				PRODUCT_NAME = "$(TARGET_NAME)";
			};
			name = Release;
		};
		7598AD932679F2F400865762 /* Debug */ = {
			isa = XCBuildConfiguration;
			buildSettings = {
				CODE_SIGN_STYLE = Automatic;
				PRODUCT_NAME = "$(TARGET_NAME)";
			};
			name = Debug;
		};
		7598AD942679F2F400865762 /* Release */ = {
			isa = XCBuildConfiguration;
			buildSettings = {
				CODE_SIGN_STYLE = Automatic;
				PRODUCT_NAME = "$(TARGET_NAME)";
			};
			name = Release;
		};
		7598AD9E267A000E00865762 /* Debug */ = {
			isa = XCBuildConfiguration;
			buildSettings = {
				CLANG_CXX_LANGUAGE_STANDARD = "gnu++17";
				CODE_SIGN_STYLE = Automatic;
				OTHER_CPLUSPLUSFLAGS = (
					"-Wall",
					"-W",
					"-Werror=pedantic",
					"$(OTHER_CFLAGS)",
				);
				PRODUCT_NAME = "$(TARGET_NAME)";
			};
			name = Debug;
		};
		7598AD9F267A000E00865762 /* Release */ = {
			isa = XCBuildConfiguration;
			buildSettings = {
				CLANG_CXX_LANGUAGE_STANDARD = "gnu++17";
				CODE_SIGN_STYLE = Automatic;
				OTHER_CPLUSPLUSFLAGS = (
					"-Wall",
					"-W",
					"-Werror=pedantic",
					"$(OTHER_CFLAGS)",
				);
				PRODUCT_NAME = "$(TARGET_NAME)";
			};
			name = Release;
		};
		7598ADB0267C98A500865762 /* Debug */ = {
			isa = XCBuildConfiguration;
			buildSettings = {
				CLANG_CXX_LANGUAGE_STANDARD = "gnu++17";
				CODE_SIGN_STYLE = Automatic;
				OTHER_CPLUSPLUSFLAGS = (
					"$(OTHER_CFLAGS)",
					"-W",
					"-Wall",
				);
				PRODUCT_NAME = "$(TARGET_NAME)";
			};
			name = Debug;
		};
		7598ADB1267C98A500865762 /* Release */ = {
			isa = XCBuildConfiguration;
			buildSettings = {
				CLANG_CXX_LANGUAGE_STANDARD = "gnu++17";
				CODE_SIGN_STYLE = Automatic;
				OTHER_CPLUSPLUSFLAGS = (
					"$(OTHER_CFLAGS)",
					"-W",
					"-Wall",
				);
				PRODUCT_NAME = "$(TARGET_NAME)";
			};
			name = Release;
		};
		75BFB08826778654008C2CA2 /* Debug */ = {
			isa = XCBuildConfiguration;
			buildSettings = {
				ALWAYS_SEARCH_USER_PATHS = NO;
				CLANG_ANALYZER_NONNULL = YES;
				CLANG_ANALYZER_NUMBER_OBJECT_CONVERSION = YES_AGGRESSIVE;
				CLANG_CXX_LANGUAGE_STANDARD = "gnu++14";
				CLANG_CXX_LIBRARY = "libc++";
				CLANG_ENABLE_MODULES = YES;
				CLANG_ENABLE_OBJC_ARC = YES;
				CLANG_ENABLE_OBJC_WEAK = YES;
				CLANG_WARN_BLOCK_CAPTURE_AUTORELEASING = YES;
				CLANG_WARN_BOOL_CONVERSION = YES;
				CLANG_WARN_COMMA = YES;
				CLANG_WARN_CONSTANT_CONVERSION = YES;
				CLANG_WARN_DEPRECATED_OBJC_IMPLEMENTATIONS = YES;
				CLANG_WARN_DIRECT_OBJC_ISA_USAGE = YES_ERROR;
				CLANG_WARN_DOCUMENTATION_COMMENTS = YES;
				CLANG_WARN_EMPTY_BODY = YES;
				CLANG_WARN_ENUM_CONVERSION = YES;
				CLANG_WARN_INFINITE_RECURSION = YES;
				CLANG_WARN_INT_CONVERSION = YES;
				CLANG_WARN_NON_LITERAL_NULL_CONVERSION = YES;
				CLANG_WARN_OBJC_IMPLICIT_RETAIN_SELF = YES;
				CLANG_WARN_OBJC_LITERAL_CONVERSION = YES;
				CLANG_WARN_OBJC_ROOT_CLASS = YES_ERROR;
				CLANG_WARN_QUOTED_INCLUDE_IN_FRAMEWORK_HEADER = YES;
				CLANG_WARN_RANGE_LOOP_ANALYSIS = YES;
				CLANG_WARN_STRICT_PROTOTYPES = YES;
				CLANG_WARN_SUSPICIOUS_MOVE = YES;
				CLANG_WARN_UNGUARDED_AVAILABILITY = YES_AGGRESSIVE;
				CLANG_WARN_UNREACHABLE_CODE = YES;
				CLANG_WARN__DUPLICATE_METHOD_MATCH = YES;
				COPY_PHASE_STRIP = NO;
				DEBUG_INFORMATION_FORMAT = dwarf;
				ENABLE_STRICT_OBJC_MSGSEND = YES;
				ENABLE_TESTABILITY = YES;
				GCC_C_LANGUAGE_STANDARD = gnu11;
				GCC_DYNAMIC_NO_PIC = NO;
				GCC_NO_COMMON_BLOCKS = YES;
				GCC_OPTIMIZATION_LEVEL = 0;
				GCC_PREPROCESSOR_DEFINITIONS = (
					"DEBUG=1",
					"$(inherited)",
				);
				GCC_WARN_64_TO_32_BIT_CONVERSION = YES;
				GCC_WARN_ABOUT_RETURN_TYPE = YES_ERROR;
				GCC_WARN_UNDECLARED_SELECTOR = YES;
				GCC_WARN_UNINITIALIZED_AUTOS = YES_AGGRESSIVE;
				GCC_WARN_UNUSED_FUNCTION = YES;
				GCC_WARN_UNUSED_VARIABLE = YES;
				MACOSX_DEPLOYMENT_TARGET = 11.3;
				MTL_ENABLE_DEBUG_INFO = INCLUDE_SOURCE;
				MTL_FAST_MATH = YES;
				ONLY_ACTIVE_ARCH = YES;
				SDKROOT = macosx;
			};
			name = Debug;
		};
		75BFB08926778654008C2CA2 /* Release */ = {
			isa = XCBuildConfiguration;
			buildSettings = {
				ALWAYS_SEARCH_USER_PATHS = NO;
				CLANG_ANALYZER_NONNULL = YES;
				CLANG_ANALYZER_NUMBER_OBJECT_CONVERSION = YES_AGGRESSIVE;
				CLANG_CXX_LANGUAGE_STANDARD = "gnu++14";
				CLANG_CXX_LIBRARY = "libc++";
				CLANG_ENABLE_MODULES = YES;
				CLANG_ENABLE_OBJC_ARC = YES;
				CLANG_ENABLE_OBJC_WEAK = YES;
				CLANG_WARN_BLOCK_CAPTURE_AUTORELEASING = YES;
				CLANG_WARN_BOOL_CONVERSION = YES;
				CLANG_WARN_COMMA = YES;
				CLANG_WARN_CONSTANT_CONVERSION = YES;
				CLANG_WARN_DEPRECATED_OBJC_IMPLEMENTATIONS = YES;
				CLANG_WARN_DIRECT_OBJC_ISA_USAGE = YES_ERROR;
				CLANG_WARN_DOCUMENTATION_COMMENTS = YES;
				CLANG_WARN_EMPTY_BODY = YES;
				CLANG_WARN_ENUM_CONVERSION = YES;
				CLANG_WARN_INFINITE_RECURSION = YES;
				CLANG_WARN_INT_CONVERSION = YES;
				CLANG_WARN_NON_LITERAL_NULL_CONVERSION = YES;
				CLANG_WARN_OBJC_IMPLICIT_RETAIN_SELF = YES;
				CLANG_WARN_OBJC_LITERAL_CONVERSION = YES;
				CLANG_WARN_OBJC_ROOT_CLASS = YES_ERROR;
				CLANG_WARN_QUOTED_INCLUDE_IN_FRAMEWORK_HEADER = YES;
				CLANG_WARN_RANGE_LOOP_ANALYSIS = YES;
				CLANG_WARN_STRICT_PROTOTYPES = YES;
				CLANG_WARN_SUSPICIOUS_MOVE = YES;
				CLANG_WARN_UNGUARDED_AVAILABILITY = YES_AGGRESSIVE;
				CLANG_WARN_UNREACHABLE_CODE = YES;
				CLANG_WARN__DUPLICATE_METHOD_MATCH = YES;
				COPY_PHASE_STRIP = NO;
				DEBUG_INFORMATION_FORMAT = "dwarf-with-dsym";
				ENABLE_NS_ASSERTIONS = NO;
				ENABLE_STRICT_OBJC_MSGSEND = YES;
				GCC_C_LANGUAGE_STANDARD = gnu11;
				GCC_NO_COMMON_BLOCKS = YES;
				GCC_WARN_64_TO_32_BIT_CONVERSION = YES;
				GCC_WARN_ABOUT_RETURN_TYPE = YES_ERROR;
				GCC_WARN_UNDECLARED_SELECTOR = YES;
				GCC_WARN_UNINITIALIZED_AUTOS = YES_AGGRESSIVE;
				GCC_WARN_UNUSED_FUNCTION = YES;
				GCC_WARN_UNUSED_VARIABLE = YES;
				MACOSX_DEPLOYMENT_TARGET = 11.3;
				MTL_ENABLE_DEBUG_INFO = NO;
				MTL_FAST_MATH = YES;
				SDKROOT = macosx;
			};
			name = Release;
		};
		75BFB08B26778654008C2CA2 /* Debug */ = {
			isa = XCBuildConfiguration;
			buildSettings = {
				CODE_SIGN_STYLE = Automatic;
				PRODUCT_NAME = "$(TARGET_NAME)";
			};
			name = Debug;
		};
		75BFB08C26778654008C2CA2 /* Release */ = {
			isa = XCBuildConfiguration;
			buildSettings = {
				CODE_SIGN_STYLE = Automatic;
				PRODUCT_NAME = "$(TARGET_NAME)";
			};
			name = Release;
		};
		75BFB15D2677895B008C2CA2 /* Debug */ = {
			isa = XCBuildConfiguration;
			buildSettings = {
				CLANG_ADDRESS_SANITIZER_CONTAINER_OVERFLOW = YES;
				CLANG_CXX_LANGUAGE_STANDARD = "gnu++17";
				CLANG_CXX_LIBRARY = "libc++";
				CODE_SIGN_STYLE = Automatic;
				GCC_VERSION = "";
				GCC_WARN_PEDANTIC = YES;
				OTHER_CPLUSPLUSFLAGS = (
					"$(OTHER_CFLAGS)",
					"-W",
					"-Wall",
				);
				PRODUCT_NAME = "$(TARGET_NAME)";
			};
			name = Debug;
		};
		75BFB15E2677895B008C2CA2 /* Release */ = {
			isa = XCBuildConfiguration;
			buildSettings = {
				CLANG_ADDRESS_SANITIZER_CONTAINER_OVERFLOW = YES;
				CLANG_CXX_LANGUAGE_STANDARD = "gnu++17";
				CLANG_CXX_LIBRARY = "libc++";
				CODE_SIGN_STYLE = Automatic;
				GCC_VERSION = "";
				GCC_WARN_PEDANTIC = YES;
				OTHER_CPLUSPLUSFLAGS = (
					"$(OTHER_CFLAGS)",
					"-W",
					"-Wall",
				);
				PRODUCT_NAME = "$(TARGET_NAME)";
			};
			name = Release;
		};
		75BFB1A52678E696008C2CA2 /* Debug */ = {
			isa = XCBuildConfiguration;
			buildSettings = {
				CODE_SIGN_STYLE = Automatic;
				PRODUCT_NAME = "$(TARGET_NAME)";
			};
			name = Debug;
		};
		75BFB1A62678E696008C2CA2 /* Release */ = {
			isa = XCBuildConfiguration;
			buildSettings = {
				CODE_SIGN_STYLE = Automatic;
				PRODUCT_NAME = "$(TARGET_NAME)";
			};
			name = Release;
		};
		75BFB1C8267900C8008C2CA2 /* Debug */ = {
			isa = XCBuildConfiguration;
			buildSettings = {
				CODE_SIGN_STYLE = Automatic;
				PRODUCT_NAME = "$(TARGET_NAME)";
			};
			name = Debug;
		};
		75BFB1C9267900C8008C2CA2 /* Release */ = {
			isa = XCBuildConfiguration;
			buildSettings = {
				CODE_SIGN_STYLE = Automatic;
				PRODUCT_NAME = "$(TARGET_NAME)";
			};
			name = Release;
		};
/* End XCBuildConfiguration section */

/* Begin XCConfigurationList section */
		7598AD892679EE4F00865762 /* Build configuration list for PBXNativeTarget "split_into_stringview" */ = {
			isa = XCConfigurationList;
			buildConfigurations = (
				7598AD872679EE4F00865762 /* Debug */,
				7598AD882679EE4F00865762 /* Release */,
			);
			defaultConfigurationIsVisible = 0;
			defaultConfigurationName = Release;
		};
		7598AD922679F2F400865762 /* Build configuration list for PBXNativeTarget "Translator" */ = {
			isa = XCConfigurationList;
			buildConfigurations = (
				7598AD932679F2F400865762 /* Debug */,
				7598AD942679F2F400865762 /* Release */,
			);
			defaultConfigurationIsVisible = 0;
			defaultConfigurationName = Release;
		};
		7598AD9D267A000E00865762 /* Build configuration list for PBXNativeTarget "SimpleVector" */ = {
			isa = XCConfigurationList;
			buildConfigurations = (
				7598AD9E267A000E00865762 /* Debug */,
				7598AD9F267A000E00865762 /* Release */,
			);
			defaultConfigurationIsVisible = 0;
			defaultConfigurationName = Release;
		};
		7598ADAF267C98A500865762 /* Build configuration list for PBXNativeTarget "JosephusPermutation" */ = {
			isa = XCConfigurationList;
			buildConfigurations = (
				7598ADB0267C98A500865762 /* Debug */,
				7598ADB1267C98A500865762 /* Release */,
			);
			defaultConfigurationIsVisible = 0;
			defaultConfigurationName = Release;
		};
		75BFB07E26778654008C2CA2 /* Build configuration list for PBXProject "praktikum_exercises" */ = {
			isa = XCConfigurationList;
			buildConfigurations = (
				75BFB08826778654008C2CA2 /* Debug */,
				75BFB08926778654008C2CA2 /* Release */,
			);
			defaultConfigurationIsVisible = 0;
			defaultConfigurationName = Release;
		};
		75BFB08A26778654008C2CA2 /* Build configuration list for PBXNativeTarget "praktikum_exercises" */ = {
			isa = XCConfigurationList;
			buildConfigurations = (
				75BFB08B26778654008C2CA2 /* Debug */,
				75BFB08C26778654008C2CA2 /* Release */,
			);
			defaultConfigurationIsVisible = 0;
			defaultConfigurationName = Release;
		};
		75BFB1742677895B008C2CA2 /* Build configuration list for PBXNativeTarget "SanitizerTest" */ = {
			isa = XCConfigurationList;
			buildConfigurations = (
				75BFB15D2677895B008C2CA2 /* Debug */,
				75BFB15E2677895B008C2CA2 /* Release */,
			);
			defaultConfigurationIsVisible = 0;
			defaultConfigurationName = Release;
		};
		75BFB1BC2678E696008C2CA2 /* Build configuration list for PBXNativeTarget "TextEditor" */ = {
			isa = XCConfigurationList;
			buildConfigurations = (
				75BFB1A52678E696008C2CA2 /* Debug */,
				75BFB1A62678E696008C2CA2 /* Release */,
			);
			defaultConfigurationIsVisible = 0;
			defaultConfigurationName = Release;
		};
		75BFB1C7267900C8008C2CA2 /* Build configuration list for PBXNativeTarget "StackVector" */ = {
			isa = XCConfigurationList;
			buildConfigurations = (
				75BFB1C8267900C8008C2CA2 /* Debug */,
				75BFB1C9267900C8008C2CA2 /* Release */,
			);
			defaultConfigurationIsVisible = 0;
			defaultConfigurationName = Release;
		};
/* End XCConfigurationList section */
	};
	rootObject = 75BFB07B26778654008C2CA2 /* Project object */;
}
